
Microsoft Visual Studio Solution File, Format Version 12.00
# Visual Studio Version 17
VisualStudioVersion = 17.12.35527.113
MinimumVisualStudioVersion = 10.0.40219.1
Project("{2150E333-8FDC-42A3-9474-1A3956D46DE8}") = "src", "src", "{EEF57D52-D15C-433D-917F-F3C09A8450FB}"
EndProject
Project("{2150E333-8FDC-42A3-9474-1A3956D46DE8}") = "test", "test", "{109E4B50-1A52-4B0F-B9FA-FC6CBA845507}"
EndProject
Project("{FAE04EC0-301F-11D3-BF4B-00C04F79EFBC}") = "Bookify.Domain", "Bookify.Domain\Bookify.Domain.csproj", "{9EDB4BE0-9813-4A86-94DB-0377B686BA4D}"
EndProject
Project("{FAE04EC0-301F-11D3-BF4B-00C04F79EFBC}") = "Bookify.Application", "Bookify.Application\Bookify.Application.csproj", "{8888D454-61DA-45FF-A28F-B23DEC1E18FE}"
EndProject
Project("{FAE04EC0-301F-11D3-BF4B-00C04F79EFBC}") = "Bookify.Infrastructure", "Bookify.Infrastructure\Bookify.Infrastructure.csproj", "{3ACBB8AC-F888-4E26-9362-FC0292DF5F6A}"
EndProject
Project("{FAE04EC0-301F-11D3-BF4B-00C04F79EFBC}") = "Bookify.Api", "Bookify.Api\Bookify.Api.csproj", "{35BE2620-114B-4570-AACF-D7B68542F715}"
EndProject
Project("{E53339B2-1760-4266-BCC7-CA923CBCF16C}") = "docker-compose", "docker-compose.dcproj", "{95CA5117-8EBB-4DB8-B452-94CBBF4D5664}"
EndProject
Project("{FAE04EC0-301F-11D3-BF4B-00C04F79EFBC}") = "Bookify.Domain.UnitTests", "Bookify.Domain.UnitTests\Bookify.Domain.UnitTests.csproj", "{CD91C2D8-A69E-48D5-9B4C-A4217D14B61F}"
EndProject
Project("{FAE04EC0-301F-11D3-BF4B-00C04F79EFBC}") = "Bookify.Application.UnitTests", "Bookify.Application.UnitTests\Bookify.Application.UnitTests.csproj", "{0F2C805E-F5EA-4E2C-B831-D05B5AE7D9E2}"
EndProject
Project("{FAE04EC0-301F-11D3-BF4B-00C04F79EFBC}") = "Bookify.Application.IntegrationTests", "Bookify.Application.IntegrationTests\Bookify.Application.IntegrationTests.csproj", "{12E38139-73C1-4292-B6A0-40BF6B343881}"
EndProject
Project("{FAE04EC0-301F-11D3-BF4B-00C04F79EFBC}") = "Bookify.Api.FunctionalTests", "Bookify.Api.FunctionalTests\Bookify.Api.FunctionalTests.csproj", "{0719C9CB-C5EE-4627-93B2-E20C21808C74}"
EndProject
Project("{FAE04EC0-301F-11D3-BF4B-00C04F79EFBC}") = "Bookify.ArchitectureTests", "Bookify.ArchitectureTests\Bookify.ArchitectureTests.csproj", "{619527B1-C870-4F39-84C0-EC2DE0E37045}"
EndProject
Global
	GlobalSection(SolutionConfigurationPlatforms) = preSolution
		Debug|Any CPU = Debug|Any CPU
		Release|Any CPU = Release|Any CPU
	EndGlobalSection
	GlobalSection(ProjectConfigurationPlatforms) = postSolution
		{9EDB4BE0-9813-4A86-94DB-0377B686BA4D}.Debug|Any CPU.ActiveCfg = Debug|Any CPU
		{9EDB4BE0-9813-4A86-94DB-0377B686BA4D}.Debug|Any CPU.Build.0 = Debug|Any CPU
		{9EDB4BE0-9813-4A86-94DB-0377B686BA4D}.Release|Any CPU.ActiveCfg = Release|Any CPU
		{9EDB4BE0-9813-4A86-94DB-0377B686BA4D}.Release|Any CPU.Build.0 = Release|Any CPU
		{8888D454-61DA-45FF-A28F-B23DEC1E18FE}.Debug|Any CPU.ActiveCfg = Debug|Any CPU
		{8888D454-61DA-45FF-A28F-B23DEC1E18FE}.Debug|Any CPU.Build.0 = Debug|Any CPU
		{8888D454-61DA-45FF-A28F-B23DEC1E18FE}.Release|Any CPU.ActiveCfg = Release|Any CPU
		{8888D454-61DA-45FF-A28F-B23DEC1E18FE}.Release|Any CPU.Build.0 = Release|Any CPU
		{3ACBB8AC-F888-4E26-9362-FC0292DF5F6A}.Debug|Any CPU.ActiveCfg = Debug|Any CPU
		{3ACBB8AC-F888-4E26-9362-FC0292DF5F6A}.Debug|Any CPU.Build.0 = Debug|Any CPU
		{3ACBB8AC-F888-4E26-9362-FC0292DF5F6A}.Release|Any CPU.ActiveCfg = Release|Any CPU
		{3ACBB8AC-F888-4E26-9362-FC0292DF5F6A}.Release|Any CPU.Build.0 = Release|Any CPU
		{35BE2620-114B-4570-AACF-D7B68542F715}.Debug|Any CPU.ActiveCfg = Debug|Any CPU
		{35BE2620-114B-4570-AACF-D7B68542F715}.Debug|Any CPU.Build.0 = Debug|Any CPU
		{35BE2620-114B-4570-AACF-D7B68542F715}.Release|Any CPU.ActiveCfg = Release|Any CPU
		{35BE2620-114B-4570-AACF-D7B68542F715}.Release|Any CPU.Build.0 = Release|Any CPU
		{95CA5117-8EBB-4DB8-B452-94CBBF4D5664}.Debug|Any CPU.ActiveCfg = Debug|Any CPU
		{95CA5117-8EBB-4DB8-B452-94CBBF4D5664}.Debug|Any CPU.Build.0 = Debug|Any CPU
		{95CA5117-8EBB-4DB8-B452-94CBBF4D5664}.Release|Any CPU.ActiveCfg = Release|Any CPU
		{95CA5117-8EBB-4DB8-B452-94CBBF4D5664}.Release|Any CPU.Build.0 = Release|Any CPU
		{CD91C2D8-A69E-48D5-9B4C-A4217D14B61F}.Debug|Any CPU.ActiveCfg = Debug|Any CPU
		{CD91C2D8-A69E-48D5-9B4C-A4217D14B61F}.Debug|Any CPU.Build.0 = Debug|Any CPU
		{CD91C2D8-A69E-48D5-9B4C-A4217D14B61F}.Release|Any CPU.ActiveCfg = Release|Any CPU
		{CD91C2D8-A69E-48D5-9B4C-A4217D14B61F}.Release|Any CPU.Build.0 = Release|Any CPU
		{0F2C805E-F5EA-4E2C-B831-D05B5AE7D9E2}.Debug|Any CPU.ActiveCfg = Debug|Any CPU
		{0F2C805E-F5EA-4E2C-B831-D05B5AE7D9E2}.Debug|Any CPU.Build.0 = Debug|Any CPU
		{0F2C805E-F5EA-4E2C-B831-D05B5AE7D9E2}.Release|Any CPU.ActiveCfg = Release|Any CPU
		{0F2C805E-F5EA-4E2C-B831-D05B5AE7D9E2}.Release|Any CPU.Build.0 = Release|Any CPU
		{12E38139-73C1-4292-B6A0-40BF6B343881}.Debug|Any CPU.ActiveCfg = Debug|Any CPU
		{12E38139-73C1-4292-B6A0-40BF6B343881}.Debug|Any CPU.Build.0 = Debug|Any CPU
		{12E38139-73C1-4292-B6A0-40BF6B343881}.Release|Any CPU.ActiveCfg = Release|Any CPU
		{12E38139-73C1-4292-B6A0-40BF6B343881}.Release|Any CPU.Build.0 = Release|Any CPU
		{0719C9CB-C5EE-4627-93B2-E20C21808C74}.Debug|Any CPU.ActiveCfg = Debug|Any CPU
		{0719C9CB-C5EE-4627-93B2-E20C21808C74}.Debug|Any CPU.Build.0 = Debug|Any CPU
		{0719C9CB-C5EE-4627-93B2-E20C21808C74}.Release|Any CPU.ActiveCfg = Release|Any CPU
		{0719C9CB-C5EE-4627-93B2-E20C21808C74}.Release|Any CPU.Build.0 = Release|Any CPU
		{619527B1-C870-4F39-84C0-EC2DE0E37045}.Debug|Any CPU.ActiveCfg = Debug|Any CPU
		{619527B1-C870-4F39-84C0-EC2DE0E37045}.Debug|Any CPU.Build.0 = Debug|Any CPU
		{619527B1-C870-4F39-84C0-EC2DE0E37045}.Release|Any CPU.ActiveCfg = Release|Any CPU
		{619527B1-C870-4F39-84C0-EC2DE0E37045}.Release|Any CPU.Build.0 = Release|Any CPU
	EndGlobalSection
	GlobalSection(SolutionProperties) = preSolution
		HideSolutionNode = FALSE
	EndGlobalSection
	GlobalSection(NestedProjects) = preSolution
		{9EDB4BE0-9813-4A86-94DB-0377B686BA4D} = {EEF57D52-D15C-433D-917F-F3C09A8450FB}
		{8888D454-61DA-45FF-A28F-B23DEC1E18FE} = {EEF57D52-D15C-433D-917F-F3C09A8450FB}
		{3ACBB8AC-F888-4E26-9362-FC0292DF5F6A} = {EEF57D52-D15C-433D-917F-F3C09A8450FB}
		{35BE2620-114B-4570-AACF-D7B68542F715} = {EEF57D52-D15C-433D-917F-F3C09A8450FB}
		{CD91C2D8-A69E-48D5-9B4C-A4217D14B61F} = {109E4B50-1A52-4B0F-B9FA-FC6CBA845507}
		{0F2C805E-F5EA-4E2C-B831-D05B5AE7D9E2} = {109E4B50-1A52-4B0F-B9FA-FC6CBA845507}
		{12E38139-73C1-4292-B6A0-40BF6B343881} = {109E4B50-1A52-4B0F-B9FA-FC6CBA845507}
		{0719C9CB-C5EE-4627-93B2-E20C21808C74} = {109E4B50-1A52-4B0F-B9FA-FC6CBA845507}
		{619527B1-C870-4F39-84C0-EC2DE0E37045} = {109E4B50-1A52-4B0F-B9FA-FC6CBA845507}
	EndGlobalSection
EndGlobal
